// !$*UTF8*$!
{
	archiveVersion = 1;
	classes = {
	};
	objectVersion = 48;
	objects = {

/* Begin PBXBuildFile section */
		000C2DD1212A676F00F14A7C /* MKTestViewController.m in Sources */ = {isa = PBXBuildFile; fileRef = 000C2DD0212A676F00F14A7C /* MKTestViewController.m */; };
		004F745921E73C26005753E7 /* MKSocketSDK.podspec in Resources */ = {isa = PBXBuildFile; fileRef = 004F745821E73C25005753E7 /* MKSocketSDK.podspec */; };
		00C304D72126B78100D822D7 /* AppDelegate.m in Sources */ = {isa = PBXBuildFile; fileRef = 00C304D62126B78100D822D7 /* AppDelegate.m */; };
		00C304DF2126B78100D822D7 /* Assets.xcassets in Resources */ = {isa = PBXBuildFile; fileRef = 00C304DE2126B78100D822D7 /* Assets.xcassets */; };
		00C304E52126B78100D822D7 /* main.m in Sources */ = {isa = PBXBuildFile; fileRef = 00C304E42126B78100D822D7 /* main.m */; };
		00C305012126B7B600D822D7 /* MKSocketAdopter.m in Sources */ = {isa = PBXBuildFile; fileRef = 00C304EE2126B7B600D822D7 /* MKSocketAdopter.m */; };
		00C305022126B7B600D822D7 /* MKSocketBlockAdopter.m in Sources */ = {isa = PBXBuildFile; fileRef = 00C304F02126B7B600D822D7 /* MKSocketBlockAdopter.m */; };
		00C305032126B7B600D822D7 /* MKSocketManager.m in Sources */ = {isa = PBXBuildFile; fileRef = 00C304F22126B7B600D822D7 /* MKSocketManager.m */; };
		00C305042126B7B600D822D7 /* MKSocketTaskOperation.m in Sources */ = {isa = PBXBuildFile; fileRef = 00C304F52126B7B600D822D7 /* MKSocketTaskOperation.m */; };
		00C305072126B7B600D822D7 /* MKMQTTServerManager.m in Sources */ = {isa = PBXBuildFile; fileRef = 00C304FE2126B7B600D822D7 /* MKMQTTServerManager.m */; };
		00C305082126B7B600D822D7 /* MKMQTTServerTaskOperation.m in Sources */ = {isa = PBXBuildFile; fileRef = 00C305002126B7B600D822D7 /* MKMQTTServerTaskOperation.m */; };
		EAD3B29DE6E4F81A827595FF /* libPods-MokoLifeSDKDemo.a in Frameworks */ = {isa = PBXBuildFile; fileRef = AA271F2503626E35D4995289 /* libPods-MokoLifeSDKDemo.a */; };
/* End PBXBuildFile section */

/* Begin PBXFileReference section */
		000C2DCF212A676F00F14A7C /* MKTestViewController.h */ = {isa = PBXFileReference; lastKnownFileType = sourcecode.c.h; path = MKTestViewController.h; sourceTree = "<group>"; };
		000C2DD0212A676F00F14A7C /* MKTestViewController.m */ = {isa = PBXFileReference; lastKnownFileType = sourcecode.c.objc; path = MKTestViewController.m; sourceTree = "<group>"; };
		004F745821E73C25005753E7 /* MKSocketSDK.podspec */ = {isa = PBXFileReference; fileEncoding = 4; lastKnownFileType = text; path = MKSocketSDK.podspec; sourceTree = "<group>"; };
		00C304D22126B78100D822D7 /* MokoLifeSDKDemo.app */ = {isa = PBXFileReference; explicitFileType = wrapper.application; includeInIndex = 0; path = MokoLifeSDKDemo.app; sourceTree = BUILT_PRODUCTS_DIR; };
		00C304D52126B78100D822D7 /* AppDelegate.h */ = {isa = PBXFileReference; lastKnownFileType = sourcecode.c.h; path = AppDelegate.h; sourceTree = "<group>"; };
		00C304D62126B78100D822D7 /* AppDelegate.m */ = {isa = PBXFileReference; lastKnownFileType = sourcecode.c.objc; path = AppDelegate.m; sourceTree = "<group>"; };
		00C304DE2126B78100D822D7 /* Assets.xcassets */ = {isa = PBXFileReference; lastKnownFileType = folder.assetcatalog; path = Assets.xcassets; sourceTree = "<group>"; };
		00C304E32126B78100D822D7 /* Info.plist */ = {isa = PBXFileReference; lastKnownFileType = text.plist.xml; path = Info.plist; sourceTree = "<group>"; };
		00C304E42126B78100D822D7 /* main.m */ = {isa = PBXFileReference; lastKnownFileType = sourcecode.c.objc; path = main.m; sourceTree = "<group>"; };
		00C304ED2126B7B600D822D7 /* MKSocketAdopter.h */ = {isa = PBXFileReference; fileEncoding = 4; lastKnownFileType = sourcecode.c.h; path = MKSocketAdopter.h; sourceTree = "<group>"; };
		00C304EE2126B7B600D822D7 /* MKSocketAdopter.m */ = {isa = PBXFileReference; fileEncoding = 4; lastKnownFileType = sourcecode.c.objc; path = MKSocketAdopter.m; sourceTree = "<group>"; };
		00C304EF2126B7B600D822D7 /* MKSocketBlockAdopter.h */ = {isa = PBXFileReference; fileEncoding = 4; lastKnownFileType = sourcecode.c.h; path = MKSocketBlockAdopter.h; sourceTree = "<group>"; };
		00C304F02126B7B600D822D7 /* MKSocketBlockAdopter.m */ = {isa = PBXFileReference; fileEncoding = 4; lastKnownFileType = sourcecode.c.objc; path = MKSocketBlockAdopter.m; sourceTree = "<group>"; };
		00C304F12126B7B600D822D7 /* MKSocketManager.h */ = {isa = PBXFileReference; fileEncoding = 4; lastKnownFileType = sourcecode.c.h; path = MKSocketManager.h; sourceTree = "<group>"; };
		00C304F22126B7B600D822D7 /* MKSocketManager.m */ = {isa = PBXFileReference; fileEncoding = 4; lastKnownFileType = sourcecode.c.objc; path = MKSocketManager.m; sourceTree = "<group>"; };
		00C304F32126B7B600D822D7 /* MKSocketTaskDefine.h */ = {isa = PBXFileReference; fileEncoding = 4; lastKnownFileType = sourcecode.c.h; path = MKSocketTaskDefine.h; sourceTree = "<group>"; };
		00C304F42126B7B600D822D7 /* MKSocketTaskOperation.h */ = {isa = PBXFileReference; fileEncoding = 4; lastKnownFileType = sourcecode.c.h; path = MKSocketTaskOperation.h; sourceTree = "<group>"; };
		00C304F52126B7B600D822D7 /* MKSocketTaskOperation.m */ = {isa = PBXFileReference; fileEncoding = 4; lastKnownFileType = sourcecode.c.objc; path = MKSocketTaskOperation.m; sourceTree = "<group>"; };
		00C304FD2126B7B600D822D7 /* MKMQTTServerManager.h */ = {isa = PBXFileReference; fileEncoding = 4; lastKnownFileType = sourcecode.c.h; path = MKMQTTServerManager.h; sourceTree = "<group>"; };
		00C304FE2126B7B600D822D7 /* MKMQTTServerManager.m */ = {isa = PBXFileReference; fileEncoding = 4; lastKnownFileType = sourcecode.c.objc; path = MKMQTTServerManager.m; sourceTree = "<group>"; };
		00C304FF2126B7B600D822D7 /* MKMQTTServerTaskOperation.h */ = {isa = PBXFileReference; fileEncoding = 4; lastKnownFileType = sourcecode.c.h; path = MKMQTTServerTaskOperation.h; sourceTree = "<group>"; };
		00C305002126B7B600D822D7 /* MKMQTTServerTaskOperation.m */ = {isa = PBXFileReference; fileEncoding = 4; lastKnownFileType = sourcecode.c.objc; path = MKMQTTServerTaskOperation.m; sourceTree = "<group>"; };
		5EC41C4980F38C064C04762E /* Pods-MokoLifeSDKDemo.release.xcconfig */ = {isa = PBXFileReference; includeInIndex = 1; lastKnownFileType = text.xcconfig; name = "Pods-MokoLifeSDKDemo.release.xcconfig"; path = "Target Support Files/Pods-MokoLifeSDKDemo/Pods-MokoLifeSDKDemo.release.xcconfig"; sourceTree = "<group>"; };
		A2C13861CEC6C05163A2615A /* Pods-MokoLifeSDKDemo.debug.xcconfig */ = {isa = PBXFileReference; includeInIndex = 1; lastKnownFileType = text.xcconfig; name = "Pods-MokoLifeSDKDemo.debug.xcconfig"; path = "Target Support Files/Pods-MokoLifeSDKDemo/Pods-MokoLifeSDKDemo.debug.xcconfig"; sourceTree = "<group>"; };
		AA271F2503626E35D4995289 /* libPods-MokoLifeSDKDemo.a */ = {isa = PBXFileReference; explicitFileType = archive.ar; includeInIndex = 0; path = "libPods-MokoLifeSDKDemo.a"; sourceTree = BUILT_PRODUCTS_DIR; };
/* End PBXFileReference section */

/* Begin PBXFrameworksBuildPhase section */
		00C304CF2126B78000D822D7 /* Frameworks */ = {
			isa = PBXFrameworksBuildPhase;
			buildActionMask = 2147483647;
			files = (
				EAD3B29DE6E4F81A827595FF /* libPods-MokoLifeSDKDemo.a in Frameworks */,
			);
			runOnlyForDeploymentPostprocessing = 0;
		};
/* End PBXFrameworksBuildPhase section */

/* Begin PBXGroup section */
		00C304C92126B78000D822D7 = {
			isa = PBXGroup;
			children = (
				004F745821E73C25005753E7 /* MKSocketSDK.podspec */,
				00C304EB2126B7B600D822D7 /* SDK */,
				00C304D42126B78100D822D7 /* MokoLifeSDKDemo */,
				00C304D32126B78100D822D7 /* Products */,
				6F10F94BAE2C1CF0D51D9923 /* Pods */,
				F819F7E52949DBB287B7B34F /* Frameworks */,
			);
			sourceTree = "<group>";
		};
		00C304D32126B78100D822D7 /* Products */ = {
			isa = PBXGroup;
			children = (
				00C304D22126B78100D822D7 /* MokoLifeSDKDemo.app */,
			);
			name = Products;
			sourceTree = "<group>";
		};
		00C304D42126B78100D822D7 /* MokoLifeSDKDemo */ = {
			isa = PBXGroup;
			children = (
				00C304D52126B78100D822D7 /* AppDelegate.h */,
				00C304D62126B78100D822D7 /* AppDelegate.m */,
				00C304DE2126B78100D822D7 /* Assets.xcassets */,
				00C304E32126B78100D822D7 /* Info.plist */,
				00C304E42126B78100D822D7 /* main.m */,
				000C2DCF212A676F00F14A7C /* MKTestViewController.h */,
				000C2DD0212A676F00F14A7C /* MKTestViewController.m */,
			);
			path = MokoLifeSDKDemo;
			sourceTree = "<group>";
		};
		00C304EB2126B7B600D822D7 /* SDK */ = {
			isa = PBXGroup;
			children = (
				00C304EC2126B7B600D822D7 /* MKSDKForDevice */,
				00C304F62126B7B600D822D7 /* MKSDKForMqttServer */,
			);
			path = SDK;
			sourceTree = "<group>";
		};
		00C304EC2126B7B600D822D7 /* MKSDKForDevice */ = {
			isa = PBXGroup;
			children = (
				00C304ED2126B7B600D822D7 /* MKSocketAdopter.h */,
				00C304EE2126B7B600D822D7 /* MKSocketAdopter.m */,
				00C304EF2126B7B600D822D7 /* MKSocketBlockAdopter.h */,
				00C304F02126B7B600D822D7 /* MKSocketBlockAdopter.m */,
				00C304F12126B7B600D822D7 /* MKSocketManager.h */,
				00C304F22126B7B600D822D7 /* MKSocketManager.m */,
				00C304F32126B7B600D822D7 /* MKSocketTaskDefine.h */,
				00C304F42126B7B600D822D7 /* MKSocketTaskOperation.h */,
				00C304F52126B7B600D822D7 /* MKSocketTaskOperation.m */,
			);
			path = MKSDKForDevice;
			sourceTree = "<group>";
		};
		00C304F62126B7B600D822D7 /* MKSDKForMqttServer */ = {
			isa = PBXGroup;
			children = (
				00C304FD2126B7B600D822D7 /* MKMQTTServerManager.h */,
				00C304FE2126B7B600D822D7 /* MKMQTTServerManager.m */,
				00C304FF2126B7B600D822D7 /* MKMQTTServerTaskOperation.h */,
				00C305002126B7B600D822D7 /* MKMQTTServerTaskOperation.m */,
			);
			path = MKSDKForMqttServer;
			sourceTree = "<group>";
		};
		6F10F94BAE2C1CF0D51D9923 /* Pods */ = {
			isa = PBXGroup;
			children = (
				A2C13861CEC6C05163A2615A /* Pods-MokoLifeSDKDemo.debug.xcconfig */,
				5EC41C4980F38C064C04762E /* Pods-MokoLifeSDKDemo.release.xcconfig */,
			);
			path = Pods;
			sourceTree = "<group>";
		};
		F819F7E52949DBB287B7B34F /* Frameworks */ = {
			isa = PBXGroup;
			children = (
				AA271F2503626E35D4995289 /* libPods-MokoLifeSDKDemo.a */,
			);
			name = Frameworks;
			sourceTree = "<group>";
		};
/* End PBXGroup section */

/* Begin PBXNativeTarget section */
		00C304D12126B78000D822D7 /* MokoLifeSDKDemo */ = {
			isa = PBXNativeTarget;
			buildConfigurationList = 00C304E82126B78100D822D7 /* Build configuration list for PBXNativeTarget "MokoLifeSDKDemo" */;
			buildPhases = (
				F0327237FF2BC28E3C449C1B /* [CP] Check Pods Manifest.lock */,
				00C304CE2126B78000D822D7 /* Sources */,
				00C304CF2126B78000D822D7 /* Frameworks */,
				00C304D02126B78000D822D7 /* Resources */,
			);
			buildRules = (
			);
			dependencies = (
			);
			name = MokoLifeSDKDemo;
			productName = MokoLifeSDKDemo;
			productReference = 00C304D22126B78100D822D7 /* MokoLifeSDKDemo.app */;
			productType = "com.apple.product-type.application";
		};
/* End PBXNativeTarget section */

/* Begin PBXProject section */
		00C304CA2126B78000D822D7 /* Project object */ = {
			isa = PBXProject;
			attributes = {
				LastUpgradeCheck = 0920;
				ORGANIZATIONNAME = MK;
				TargetAttributes = {
					00C304D12126B78000D822D7 = {
						CreatedOnToolsVersion = 9.2;
						ProvisioningStyle = Automatic;
					};
				};
			};
			buildConfigurationList = 00C304CD2126B78000D822D7 /* Build configuration list for PBXProject "MokoLifeSDKDemo" */;
			compatibilityVersion = "Xcode 8.0";
			developmentRegion = en;
			hasScannedForEncodings = 0;
			knownRegions = (
				en,
				Base,
			);
			mainGroup = 00C304C92126B78000D822D7;
			productRefGroup = 00C304D32126B78100D822D7 /* Products */;
			projectDirPath = "";
			projectRoot = "";
			targets = (
				00C304D12126B78000D822D7 /* MokoLifeSDKDemo */,
			);
		};
/* End PBXProject section */

/* Begin PBXResourcesBuildPhase section */
		00C304D02126B78000D822D7 /* Resources */ = {
			isa = PBXResourcesBuildPhase;
			buildActionMask = 2147483647;
			files = (
				004F745921E73C26005753E7 /* MKSocketSDK.podspec in Resources */,
				00C304DF2126B78100D822D7 /* Assets.xcassets in Resources */,
			);
			runOnlyForDeploymentPostprocessing = 0;
		};
/* End PBXResourcesBuildPhase section */

/* Begin PBXShellScriptBuildPhase section */
		F0327237FF2BC28E3C449C1B /* [CP] Check Pods Manifest.lock */ = {
			isa = PBXShellScriptBuildPhase;
			buildActionMask = 2147483647;
			files = (
			);
			inputPaths = (
				"${PODS_PODFILE_DIR_PATH}/Podfile.lock",
				"${PODS_ROOT}/Manifest.lock",
			);
			name = "[CP] Check Pods Manifest.lock";
			outputPaths = (
				"$(DERIVED_FILE_DIR)/Pods-MokoLifeSDKDemo-checkManifestLockResult.txt",
			);
			runOnlyForDeploymentPostprocessing = 0;
			shellPath = /bin/sh;
			shellScript = "diff \"${PODS_PODFILE_DIR_PATH}/Podfile.lock\" \"${PODS_ROOT}/Manifest.lock\" > /dev/null\nif [ $? != 0 ] ; then\n    # print error to STDERR\n    echo \"error: The sandbox is not in sync with the Podfile.lock. Run 'pod install' or update your CocoaPods installation.\" >&2\n    exit 1\nfi\n# This output is used by Xcode 'outputs' to avoid re-running this script phase.\necho \"SUCCESS\" > \"${SCRIPT_OUTPUT_FILE_0}\"\n";
			showEnvVarsInLog = 0;
		};
/* End PBXShellScriptBuildPhase section */

/* Begin PBXSourcesBuildPhase section */
		00C304CE2126B78000D822D7 /* Sources */ = {
			isa = PBXSourcesBuildPhase;
			buildActionMask = 2147483647;
			files = (
				00C305022126B7B600D822D7 /* MKSocketBlockAdopter.m in Sources */,
				00C304E52126B78100D822D7 /* main.m in Sources */,
				00C305012126B7B600D822D7 /* MKSocketAdopter.m in Sources */,
				00C305042126B7B600D822D7 /* MKSocketTaskOperation.m in Sources */,
				00C305032126B7B600D822D7 /* MKSocketManager.m in Sources */,
				00C305072126B7B600D822D7 /* MKMQTTServerManager.m in Sources */,
				00C305082126B7B600D822D7 /* MKMQTTServerTaskOperation.m in Sources */,
				00C304D72126B78100D822D7 /* AppDelegate.m in Sources */,
				000C2DD1212A676F00F14A7C /* MKTestViewController.m in Sources */,
			);
			runOnlyForDeploymentPostprocessing = 0;
		};
/* End PBXSourcesBuildPhase section */

/* Begin XCBuildConfiguration section */
		00C304E62126B78100D822D7 /* Debug */ = {
			isa = XCBuildConfiguration;
			buildSettings = {
				ALWAYS_SEARCH_USER_PATHS = NO;
				CLANG_ANALYZER_NONNULL = YES;
				CLANG_ANALYZER_NUMBER_OBJECT_CONVERSION = YES_AGGRESSIVE;
				CLANG_CXX_LANGUAGE_STANDARD = "gnu++14";
				CLANG_CXX_LIBRARY = "libc++";
				CLANG_ENABLE_MODULES = YES;
				CLANG_ENABLE_OBJC_ARC = YES;
				CLANG_WARN_BLOCK_CAPTURE_AUTORELEASING = YES;
				CLANG_WARN_BOOL_CONVERSION = YES;
				CLANG_WARN_COMMA = YES;
				CLANG_WARN_CONSTANT_CONVERSION = YES;
				CLANG_WARN_DIRECT_OBJC_ISA_USAGE = YES_ERROR;
				CLANG_WARN_DOCUMENTATION_COMMENTS = YES;
				CLANG_WARN_EMPTY_BODY = YES;
				CLANG_WARN_ENUM_CONVERSION = YES;
				CLANG_WARN_INFINITE_RECURSION = YES;
				CLANG_WARN_INT_CONVERSION = YES;
				CLANG_WARN_NON_LITERAL_NULL_CONVERSION = YES;
				CLANG_WARN_OBJC_LITERAL_CONVERSION = YES;
				CLANG_WARN_OBJC_ROOT_CLASS = YES_ERROR;
				CLANG_WARN_RANGE_LOOP_ANALYSIS = YES;
				CLANG_WARN_STRICT_PROTOTYPES = YES;
				CLANG_WARN_SUSPICIOUS_MOVE = YES;
				CLANG_WARN_UNGUARDED_AVAILABILITY = YES_AGGRESSIVE;
				CLANG_WARN_UNREACHABLE_CODE = YES;
				CLANG_WARN__DUPLICATE_METHOD_MATCH = YES;
				CODE_SIGN_IDENTITY = "iPhone Developer";
				COPY_PHASE_STRIP = NO;
				DEBUG_INFORMATION_FORMAT = dwarf;
				ENABLE_STRICT_OBJC_MSGSEND = YES;
				ENABLE_TESTABILITY = YES;
				GCC_C_LANGUAGE_STANDARD = gnu11;
				GCC_DYNAMIC_NO_PIC = NO;
				GCC_NO_COMMON_BLOCKS = YES;
				GCC_OPTIMIZATION_LEVEL = 0;
				GCC_PREPROCESSOR_DEFINITIONS = (
					"DEBUG=1",
					"$(inherited)",
				);
				GCC_WARN_64_TO_32_BIT_CONVERSION = YES;
				GCC_WARN_ABOUT_RETURN_TYPE = YES_ERROR;
				GCC_WARN_UNDECLARED_SELECTOR = YES;
				GCC_WARN_UNINITIALIZED_AUTOS = YES_AGGRESSIVE;
				GCC_WARN_UNUSED_FUNCTION = YES;
				GCC_WARN_UNUSED_VARIABLE = YES;
				IPHONEOS_DEPLOYMENT_TARGET = 11.2;
				MTL_ENABLE_DEBUG_INFO = YES;
				ONLY_ACTIVE_ARCH = YES;
				SDKROOT = iphoneos;
			};
			name = Debug;
		};
		00C304E72126B78100D822D7 /* Release */ = {
			isa = XCBuildConfiguration;
			buildSettings = {
				ALWAYS_SEARCH_USER_PATHS = NO;
				CLANG_ANALYZER_NONNULL = YES;
				CLANG_ANALYZER_NUMBER_OBJECT_CONVERSION = YES_AGGRESSIVE;
				CLANG_CXX_LANGUAGE_STANDARD = "gnu++14";
				CLANG_CXX_LIBRARY = "libc++";
				CLANG_ENABLE_MODULES = YES;
				CLANG_ENABLE_OBJC_ARC = YES;
				CLANG_WARN_BLOCK_CAPTURE_AUTORELEASING = YES;
				CLANG_WARN_BOOL_CONVERSION = YES;
				CLANG_WARN_COMMA = YES;
				CLANG_WARN_CONSTANT_CONVERSION = YES;
				CLANG_WARN_DIRECT_OBJC_ISA_USAGE = YES_ERROR;
				CLANG_WARN_DOCUMENTATION_COMMENTS = YES;
				CLANG_WARN_EMPTY_BODY = YES;
				CLANG_WARN_ENUM_CONVERSION = YES;
				CLANG_WARN_INFINITE_RECURSION = YES;
				CLANG_WARN_INT_CONVERSION = YES;
				CLANG_WARN_NON_LITERAL_NULL_CONVERSION = YES;
				CLANG_WARN_OBJC_LITERAL_CONVERSION = YES;
				CLANG_WARN_OBJC_ROOT_CLASS = YES_ERROR;
				CLANG_WARN_RANGE_LOOP_ANALYSIS = YES;
				CLANG_WARN_STRICT_PROTOTYPES = YES;
				CLANG_WARN_SUSPICIOUS_MOVE = YES;
				CLANG_WARN_UNGUARDED_AVAILABILITY = YES_AGGRESSIVE;
				CLANG_WARN_UNREACHABLE_CODE = YES;
				CLANG_WARN__DUPLICATE_METHOD_MATCH = YES;
				CODE_SIGN_IDENTITY = "iPhone Developer";
				COPY_PHASE_STRIP = NO;
				DEBUG_INFORMATION_FORMAT = "dwarf-with-dsym";
				ENABLE_NS_ASSERTIONS = NO;
				ENABLE_STRICT_OBJC_MSGSEND = YES;
				GCC_C_LANGUAGE_STANDARD = gnu11;
				GCC_NO_COMMON_BLOCKS = YES;
				GCC_WARN_64_TO_32_BIT_CONVERSION = YES;
				GCC_WARN_ABOUT_RETURN_TYPE = YES_ERROR;
				GCC_WARN_UNDECLARED_SELECTOR = YES;
				GCC_WARN_UNINITIALIZED_AUTOS = YES_AGGRESSIVE;
				GCC_WARN_UNUSED_FUNCTION = YES;
				GCC_WARN_UNUSED_VARIABLE = YES;
				IPHONEOS_DEPLOYMENT_TARGET = 11.2;
				MTL_ENABLE_DEBUG_INFO = NO;
				SDKROOT = iphoneos;
				VALIDATE_PRODUCT = YES;
			};
			name = Release;
		};
		00C304E92126B78100D822D7 /* Debug */ = {
			isa = XCBuildConfiguration;
			baseConfigurationReference = A2C13861CEC6C05163A2615A /* Pods-MokoLifeSDKDemo.debug.xcconfig */;
			buildSettings = {
				ASSETCATALOG_COMPILER_APPICON_NAME = AppIcon;
				CODE_SIGN_STYLE = Automatic;
				DEVELOPMENT_TEAM = R558LEUW2T;
				INFOPLIST_FILE = MokoLifeSDKDemo/Info.plist;
				IPHONEOS_DEPLOYMENT_TARGET = 9.0;
				LD_RUNPATH_SEARCH_PATHS = "$(inherited) @executable_path/Frameworks";
				PRODUCT_BUNDLE_IDENTIFIER = com.moko.MokoLifeSDKDemo;
				PRODUCT_NAME = "$(TARGET_NAME)";
				TARGETED_DEVICE_FAMILY = 1;
			};
			name = Debug;
		};
		00C304EA2126B78100D822D7 /* Release */ = {
			isa = XCBuildConfiguration;
			baseConfigurationReference = 5EC41C4980F38C064C04762E /* Pods-MokoLifeSDKDemo.release.xcconfig */;
			buildSettings = {
				ASSETCATALOG_COMPILER_APPICON_NAME = AppIcon;
				CODE_SIGN_STYLE = Automatic;
				DEVELOPMENT_TEAM = R558LEUW2T;
				INFOPLIST_FILE = MokoLifeSDKDemo/Info.plist;
				IPHONEOS_DEPLOYMENT_TARGET = 9.0;
				LD_RUNPATH_SEARCH_PATHS = "$(inherited) @executable_path/Frameworks";
				PRODUCT_BUNDLE_IDENTIFIER = com.moko.MokoLifeSDKDemo;
				PRODUCT_NAME = "$(TARGET_NAME)";
				TARGETED_DEVICE_FAMILY = 1;
			};
			name = Release;
		};
/* End XCBuildConfiguration section */

/* Begin XCConfigurationList section */
		00C304CD2126B78000D822D7 /* Build configuration list for PBXProject "MokoLifeSDKDemo" */ = {
			isa = XCConfigurationList;
			buildConfigurations = (
				00C304E62126B78100D822D7 /* Debug */,
				00C304E72126B78100D822D7 /* Release */,
			);
			defaultConfigurationIsVisible = 0;
			defaultConfigurationName = Release;
		};
		00C304E82126B78100D822D7 /* Build configuration list for PBXNativeTarget "MokoLifeSDKDemo" */ = {
			isa = XCConfigurationList;
			buildConfigurations = (
				00C304E92126B78100D822D7 /* Debug */,
				00C304EA2126B78100D822D7 /* Release */,
			);
			defaultConfigurationIsVisible = 0;
			defaultConfigurationName = Release;
		};
/* End XCConfigurationList section */
	};
	rootObject = 00C304CA2126B78000D822D7 /* Project object */;
}
