PODS:
  - CocoaAsyncSocket (7.6.3)
  - MQTTClient (0.14.0):
    - MQTTClient/Core (= 0.14.0)
  - MQTTClient/Core (0.14.0):
    - MQTTClient/Manager
    - MQTTClient/Min
  - MQTTClient/Manager (0.14.0):
    - MQTTClient/Min
  - MQTTClient/Min (0.14.0)

DEPENDENCIES:
  - CocoaAsyncSocket
  - MQTTClient (= 0.14.0)

SPEC REPOS:
  https://github.com/cocoapods/specs.git:
    - CocoaAsyncSocket
    - MQTTClient

SPEC CHECKSUMS:
  CocoaAsyncSocket: eafaa68a7e0ec99ead0a7b35015e0bf25d2c8987
  MQTTClient: eea2eaaa6ddef852a1019a4dda091e22ad928b58

PODFILE CHECKSUM: 7c6fdbab617c1799b64bc600324f3a30c19da859

COCOAPODS: 1.6.0.beta.1
